
Microsoft Visual Studio Solution File, Format Version 12.00
# Visual Studio Version 17
VisualStudioVersion = 17.5.33424.131
MinimumVisualStudioVersion = 10.0.40219.1
Project("{9A19103F-16F7-4668-BE54-9A1E7A4F7556}") = "Demo.Net", "Demo.Net\Demo.Net.csproj", "{982827C2-0619-408F-A6C3-E91E79DF1FFB}"
EndProject
Project("{9A19103F-16F7-4668-BE54-9A1E7A4F7556}") = "Frost.Net", "Frost.Net\Frost.Net.csproj", "{CC1469BC-E155-4C1D-9284-3E21158F07C5}"
EndProject
Project("{2150E333-8FDC-42A3-9474-1A3956D46DE8}") = ".Net", ".Net", "{8BA381AE-110F-42CD-989C-17904CCA0C6E}"
EndProject
Project("{2150E333-8FDC-42A3-9474-1A3956D46DE8}") = "C++", "C++", "{F2D1EA8A-8444-43B1-B858-A1DFFB02EB65}"
EndProject
Project("{8BC9CEB8-8B4A-11D0-8D11-00A0C91BC942}") = "DemoCpp", "DemoCpp\DemoCpp.vcxproj", "{F61EA2A2-702E-4F03-844A-618DAA851FA9}"
EndProject
Project("{8BC9CEB8-8B4A-11D0-8D11-00A0C91BC942}") = "Frost.Api", "Frost.Api\Frost.Api.vcxproj", "{3E457225-F5C1-4DBA-9239-72D0C5C47186}"
EndProject
Project("{9A19103F-16F7-4668-BE54-9A1E7A4F7556}") = "Frost.Net.Test", "Frost.Net.Test\Frost.Net.Test.csproj", "{92029B6E-616F-4688-BF25-AE9F86FBCFF7}"
EndProject
Project("{2150E333-8FDC-42A3-9474-1A3956D46DE8}") = "...", "...", "{54CE6B8A-0BB2-4620-93F1-D66EA52411FC}"
	ProjectSection(SolutionItems) = preProject
		.gitattributes = .gitattributes
		.gitignore = .gitignore
		LICENSE.txt = LICENSE.txt
		README.md = README.md
	EndProjectSection
EndProject
Global
	GlobalSection(SolutionConfigurationPlatforms) = preSolution
		Debug|Any CPU = Debug|Any CPU
		Debug|x64 = Debug|x64
		Debug|x86 = Debug|x86
		Release|Any CPU = Release|Any CPU
		Release|x64 = Release|x64
		Release|x86 = Release|x86
	EndGlobalSection
	GlobalSection(ProjectConfigurationPlatforms) = postSolution
		{982827C2-0619-408F-A6C3-E91E79DF1FFB}.Debug|Any CPU.ActiveCfg = Debug|Any CPU
		{982827C2-0619-408F-A6C3-E91E79DF1FFB}.Debug|Any CPU.Build.0 = Debug|Any CPU
		{982827C2-0619-408F-A6C3-E91E79DF1FFB}.Debug|x64.ActiveCfg = Debug|Any CPU
		{982827C2-0619-408F-A6C3-E91E79DF1FFB}.Debug|x64.Build.0 = Debug|Any CPU
		{982827C2-0619-408F-A6C3-E91E79DF1FFB}.Debug|x86.ActiveCfg = Debug|Any CPU
		{982827C2-0619-408F-A6C3-E91E79DF1FFB}.Debug|x86.Build.0 = Debug|Any CPU
		{982827C2-0619-408F-A6C3-E91E79DF1FFB}.Release|Any CPU.ActiveCfg = Release|Any CPU
		{982827C2-0619-408F-A6C3-E91E79DF1FFB}.Release|Any CPU.Build.0 = Release|Any CPU
		{982827C2-0619-408F-A6C3-E91E79DF1FFB}.Release|x64.ActiveCfg = Release|Any CPU
		{982827C2-0619-408F-A6C3-E91E79DF1FFB}.Release|x64.Build.0 = Release|Any CPU
		{982827C2-0619-408F-A6C3-E91E79DF1FFB}.Release|x86.ActiveCfg = Release|Any CPU
		{982827C2-0619-408F-A6C3-E91E79DF1FFB}.Release|x86.Build.0 = Release|Any CPU
		{CC1469BC-E155-4C1D-9284-3E21158F07C5}.Debug|Any CPU.ActiveCfg = Debug|Any CPU
		{CC1469BC-E155-4C1D-9284-3E21158F07C5}.Debug|Any CPU.Build.0 = Debug|Any CPU
		{CC1469BC-E155-4C1D-9284-3E21158F07C5}.Debug|x64.ActiveCfg = Debug|Any CPU
		{CC1469BC-E155-4C1D-9284-3E21158F07C5}.Debug|x64.Build.0 = Debug|Any CPU
		{CC1469BC-E155-4C1D-9284-3E21158F07C5}.Debug|x86.ActiveCfg = Debug|Any CPU
		{CC1469BC-E155-4C1D-9284-3E21158F07C5}.Debug|x86.Build.0 = Debug|Any CPU
		{CC1469BC-E155-4C1D-9284-3E21158F07C5}.Release|Any CPU.ActiveCfg = Release|Any CPU
		{CC1469BC-E155-4C1D-9284-3E21158F07C5}.Release|Any CPU.Build.0 = Release|Any CPU
		{CC1469BC-E155-4C1D-9284-3E21158F07C5}.Release|x64.ActiveCfg = Release|Any CPU
		{CC1469BC-E155-4C1D-9284-3E21158F07C5}.Release|x64.Build.0 = Release|Any CPU
		{CC1469BC-E155-4C1D-9284-3E21158F07C5}.Release|x86.ActiveCfg = Release|Any CPU
		{CC1469BC-E155-4C1D-9284-3E21158F07C5}.Release|x86.Build.0 = Release|Any CPU
		{F61EA2A2-702E-4F03-844A-618DAA851FA9}.Debug|Any CPU.ActiveCfg = Debug|x64
		{F61EA2A2-702E-4F03-844A-618DAA851FA9}.Debug|Any CPU.Build.0 = Debug|x64
		{F61EA2A2-702E-4F03-844A-618DAA851FA9}.Debug|x64.ActiveCfg = Debug|x64
		{F61EA2A2-702E-4F03-844A-618DAA851FA9}.Debug|x64.Build.0 = Debug|x64
		{F61EA2A2-702E-4F03-844A-618DAA851FA9}.Debug|x86.ActiveCfg = Debug|Win32
		{F61EA2A2-702E-4F03-844A-618DAA851FA9}.Debug|x86.Build.0 = Debug|Win32
		{F61EA2A2-702E-4F03-844A-618DAA851FA9}.Release|Any CPU.ActiveCfg = Release|x64
		{F61EA2A2-702E-4F03-844A-618DAA851FA9}.Release|Any CPU.Build.0 = Release|x64
		{F61EA2A2-702E-4F03-844A-618DAA851FA9}.Release|x64.ActiveCfg = Release|x64
		{F61EA2A2-702E-4F03-844A-618DAA851FA9}.Release|x64.Build.0 = Release|x64
		{F61EA2A2-702E-4F03-844A-618DAA851FA9}.Release|x86.ActiveCfg = Release|Win32
		{F61EA2A2-702E-4F03-844A-618DAA851FA9}.Release|x86.Build.0 = Release|Win32
		{3E457225-F5C1-4DBA-9239-72D0C5C47186}.Debug|Any CPU.ActiveCfg = Debug|x64
		{3E457225-F5C1-4DBA-9239-72D0C5C47186}.Debug|Any CPU.Build.0 = Debug|x64
		{3E457225-F5C1-4DBA-9239-72D0C5C47186}.Debug|x64.ActiveCfg = Debug|x64
		{3E457225-F5C1-4DBA-9239-72D0C5C47186}.Debug|x64.Build.0 = Debug|x64
		{3E457225-F5C1-4DBA-9239-72D0C5C47186}.Debug|x86.ActiveCfg = Debug|Win32
		{3E457225-F5C1-4DBA-9239-72D0C5C47186}.Debug|x86.Build.0 = Debug|Win32
		{3E457225-F5C1-4DBA-9239-72D0C5C47186}.Release|Any CPU.ActiveCfg = Release|x64
		{3E457225-F5C1-4DBA-9239-72D0C5C47186}.Release|Any CPU.Build.0 = Release|x64
		{3E457225-F5C1-4DBA-9239-72D0C5C47186}.Release|x64.ActiveCfg = Release|x64
		{3E457225-F5C1-4DBA-9239-72D0C5C47186}.Release|x64.Build.0 = Release|x64
		{3E457225-F5C1-4DBA-9239-72D0C5C47186}.Release|x86.ActiveCfg = Release|Win32
		{3E457225-F5C1-4DBA-9239-72D0C5C47186}.Release|x86.Build.0 = Release|Win32
		{92029B6E-616F-4688-BF25-AE9F86FBCFF7}.Debug|Any CPU.ActiveCfg = Debug|Any CPU
		{92029B6E-616F-4688-BF25-AE9F86FBCFF7}.Debug|Any CPU.Build.0 = Debug|Any CPU
		{92029B6E-616F-4688-BF25-AE9F86FBCFF7}.Debug|x64.ActiveCfg = Debug|Any CPU
		{92029B6E-616F-4688-BF25-AE9F86FBCFF7}.Debug|x64.Build.0 = Debug|Any CPU
		{92029B6E-616F-4688-BF25-AE9F86FBCFF7}.Debug|x86.ActiveCfg = Debug|Any CPU
		{92029B6E-616F-4688-BF25-AE9F86FBCFF7}.Debug|x86.Build.0 = Debug|Any CPU
		{92029B6E-616F-4688-BF25-AE9F86FBCFF7}.Release|Any CPU.ActiveCfg = Release|Any CPU
		{92029B6E-616F-4688-BF25-AE9F86FBCFF7}.Release|Any CPU.Build.0 = Release|Any CPU
		{92029B6E-616F-4688-BF25-AE9F86FBCFF7}.Release|x64.ActiveCfg = Release|Any CPU
		{92029B6E-616F-4688-BF25-AE9F86FBCFF7}.Release|x64.Build.0 = Release|Any CPU
		{92029B6E-616F-4688-BF25-AE9F86FBCFF7}.Release|x86.ActiveCfg = Release|Any CPU
		{92029B6E-616F-4688-BF25-AE9F86FBCFF7}.Release|x86.Build.0 = Release|Any CPU
	EndGlobalSection
	GlobalSection(SolutionProperties) = preSolution
		HideSolutionNode = FALSE
	EndGlobalSection
	GlobalSection(NestedProjects) = preSolution
		{982827C2-0619-408F-A6C3-E91E79DF1FFB} = {8BA381AE-110F-42CD-989C-17904CCA0C6E}
		{CC1469BC-E155-4C1D-9284-3E21158F07C5} = {8BA381AE-110F-42CD-989C-17904CCA0C6E}
		{F61EA2A2-702E-4F03-844A-618DAA851FA9} = {F2D1EA8A-8444-43B1-B858-A1DFFB02EB65}
		{92029B6E-616F-4688-BF25-AE9F86FBCFF7} = {8BA381AE-110F-42CD-989C-17904CCA0C6E}
	EndGlobalSection
	GlobalSection(ExtensibilityGlobals) = postSolution
		SolutionGuid = {6EB167AC-D966-466F-8026-C1746F57FCB3}
	EndGlobalSection
EndGlobal
